
Microsoft Visual Studio Solution File, Format Version 12.00
# Visual Studio Version 16
VisualStudioVersion = 16.0.31605.320
MinimumVisualStudioVersion = 10.0.40219.1
Project("{FAE04EC0-301F-11D3-BF4B-00C04F79EFBC}") = "FirstMVCApp", "FirstMVCApp\FirstMVCApp.csproj", "{24CB6E6A-C615-43B8-9E33-EA53807255BB}"
EndProject
Global
	GlobalSection(SolutionConfigurationPlatforms) = preSolution
		Debug|Any CPU = Debug|Any CPU
		Release|Any CPU = Release|Any CPU
	EndGlobalSection
	GlobalSection(ProjectConfigurationPlatforms) = postSolution
		{24CB6E6A-C615-43B8-9E33-EA53807255BB}.Debug|Any CPU.ActiveCfg = Debug|Any CPU
		{24CB6E6A-C615-43B8-9E33-EA53807255BB}.Debug|Any CPU.Build.0 = Debug|Any CPU
		{24CB6E6A-C615-43B8-9E33-EA53807255BB}.Release|Any CPU.ActiveCfg = Release|Any CPU
		{24CB6E6A-C615-43B8-9E33-EA53807255BB}.Release|Any CPU.Build.0 = Release|Any CPU
	EndGlobalSection
	GlobalSection(SolutionProperties) = preSolution
		HideSolutionNode = FALSE
	EndGlobalSection
	GlobalSection(ExtensibilityGlobals) = postSolution
		SolutionGuid = {E81FA5FE-4040-4E49-863E-329927FF975E}
	EndGlobalSection
EndGlobal
